PODS:
  - Flutter (1.0.0)
  - flutter_native_web (0.0.1):
    - Flutter

DEPENDENCIES:
  - Flutter (from `Flutter`)
  - flutter_native_web (from `.symlinks/plugins/flutter_native_web/ios`)

EXTERNAL SOURCES:
  Flutter:
    :path: Flutter
  flutter_native_web:
    :path: ".symlinks/plugins/flutter_native_web/ios"

SPEC CHECKSUMS:
  Flutter: 0e3d915762c693b495b44d77113d4970485de6ec
  flutter_native_web: 50594dd3390e9fcbc95156af7c9718df60b462cc

PODFILE CHECKSUM: 1b66dae606f75376c5f2135a8290850eeb09ae83

COCOAPODS: 1.8.4
